{
  "name": "printlet",
  "version": "0.5.0",
  "lockfileVersion": 1,
  "requires": true,
  "dependencies": {
    "@turf/bbox": {
      "version": "4.7.3",
      "resolved": "https://registry.npmjs.org/@turf/bbox/-/bbox-4.7.3.tgz",
      "integrity": "sha1-461PEKfptBtSKIDTMIMZgZkFkGc=",
      "requires": {
        "@turf/meta": "4.7.4"
      }
    },
    "@turf/center": {
      "version": "4.7.3",
      "resolved": "https://registry.npmjs.org/@turf/center/-/center-4.7.3.tgz",
      "integrity": "sha1-dE5cZSp7G70OHuPwXjDd5D4qNaQ=",
      "requires": {
        "@turf/bbox": "4.7.3",
        "@turf/helpers": "4.7.3"
      }
    },
    "@turf/helpers": {
      "version": "4.7.3",
      "resolved": "https://registry.npmjs.org/@turf/helpers/-/helpers-4.7.3.tgz",
      "integrity": "sha1-vDEqxDyrPFMqSDFRxMOCxWSUKek="
    },
    "@turf/meta": {
      "version": "4.7.4",
      "resolved": "https://registry.npmjs.org/@turf/meta/-/meta-4.7.4.tgz",
      "integrity": "sha1-beLx6YkLj2S2aeS0fAmyCJMGOXc="
    },
    "asap": {
      "version": "2.0.6",
      "resolved": "https://registry.npmjs.org/asap/-/asap-2.0.6.tgz",
      "integrity": "sha1-5QNHYR1+aQlDIIu9r+vLwvuGbUY="
    },
    "axios": {
      "version": "0.16.2",
      "resolved": "https://registry.npmjs.org/axios/-/axios-0.16.2.tgz",
      "integrity": "sha1-uk+S8XFn37q0CYN4VFS5rBScPG0=",
      "requires": {
        "follow-redirects": "1.2.4",
        "is-buffer": "1.1.5"
      }
    },
    "canvas": {
      "version": "1.6.6",
      "resolved": "https://registry.npmjs.org/canvas/-/canvas-1.6.6.tgz",
      "integrity": "sha512-6E4FStIGsKiVG11nJHo42/zryM3+0/luss/IwGfhzaUlv+lnGsxsqJMSMc1JolR3QxtL+x8x4KlVWbVcCGmFfg==",
      "requires": {
        "nan": "2.6.2",
        "parse-css-font": "2.0.2",
        "units-css": "0.4.0"
      }
    },
    "coffee-script": {
      "version": "1.12.7",
      "resolved": "https://registry.npmjs.org/coffee-script/-/coffee-script-1.12.7.tgz",
      "integrity": "sha512-fLeEhqwymYat/MpTPUjSKHVYYl0ec2mOyALEMLmzr5i1isuG+6jfI2j2d5oBO3VIzgUXgBVIcOT9uH1TFxBckw==",
      "dev": true
    },
    "commander": {
      "version": "2.11.0",
      "resolved": "https://registry.npmjs.org/commander/-/commander-2.11.0.tgz",
      "integrity": "sha512-b0553uYA5YAEGgyYIGYROzKQ7X5RAqedkfjiZxwi0kL1g3bOaBNNZfYkzt/CL0umgD5wc9Jec2FbB98CjkMRvQ=="
    },
    "css-font-size-keywords": {
      "version": "1.0.0",
      "resolved": "https://registry.npmjs.org/css-font-size-keywords/-/css-font-size-keywords-1.0.0.tgz",
      "integrity": "sha1-hUh1rOmspqjS7g00WkSq6btttss="
    },
    "css-font-stretch-keywords": {
      "version": "1.0.1",
      "resolved": "https://registry.npmjs.org/css-font-stretch-keywords/-/css-font-stretch-keywords-1.0.1.tgz",
      "integrity": "sha1-UM7puboDH7XJUtRyMTnx4Qe1SxA="
    },
    "css-font-style-keywords": {
      "version": "1.0.1",
      "resolved": "https://registry.npmjs.org/css-font-style-keywords/-/css-font-style-keywords-1.0.1.tgz",
      "integrity": "sha1-XDUygT9jtKHelU0TzqhqtDM0CeQ="
    },
    "css-font-weight-keywords": {
      "version": "1.0.0",
      "resolved": "https://registry.npmjs.org/css-font-weight-keywords/-/css-font-weight-keywords-1.0.0.tgz",
      "integrity": "sha1-m8BGcayFvHJLV07106yWsNYE/Zc="
    },
    "css-global-keywords": {
      "version": "1.0.1",
      "resolved": "https://registry.npmjs.org/css-global-keywords/-/css-global-keywords-1.0.1.tgz",
      "integrity": "sha1-cqmupyeW0Bmx0qMlLeTlqqN+Smk="
    },
    "css-list-helpers": {
      "version": "1.0.1",
      "resolved": "https://registry.npmjs.org/css-list-helpers/-/css-list-helpers-1.0.1.tgz",
      "integrity": "sha1-//VxkiAtuDJAxBaG+RnkSacCT30=",
      "requires": {
        "tcomb": "2.7.0"
      }
    },
    "css-system-font-keywords": {
      "version": "1.0.0",
      "resolved": "https://registry.npmjs.org/css-system-font-keywords/-/css-system-font-keywords-1.0.0.tgz",
      "integrity": "sha1-hcbwhquk6zLFcaMIav/ENLhII+0="
    },
    "d3": {
      "version": "4.10.0",
      "resolved": "https://registry.npmjs.org/d3/-/d3-4.10.0.tgz",
      "integrity": "sha512-PXnXfSEgrYOspAIU4ujlsJuIVHvVbT/AidBMedq6XRPXbbUwPI2rqe9kbuQofCaAW/IipdT5gSbTKw/5Xjbb5Q==",
      "requires": {
        "d3-array": "1.2.0",
        "d3-axis": "1.0.8",
        "d3-brush": "1.0.4",
        "d3-chord": "1.0.4",
        "d3-collection": "1.0.4",
        "d3-color": "1.0.3",
        "d3-dispatch": "1.0.3",
        "d3-drag": "1.1.1",
        "d3-dsv": "1.0.5",
        "d3-ease": "1.0.3",
        "d3-force": "1.0.6",
        "d3-format": "1.2.0",
        "d3-geo": "1.6.4",
        "d3-hierarchy": "1.1.5",
        "d3-interpolate": "1.1.5",
        "d3-path": "1.0.5",
        "d3-polygon": "1.0.3",
        "d3-quadtree": "1.0.3",
        "d3-queue": "3.0.7",
        "d3-random": "1.1.0",
        "d3-request": "1.0.5",
        "d3-scale": "1.0.6",
        "d3-selection": "1.1.0",
        "d3-shape": "1.2.0",
        "d3-time": "1.0.7",
        "d3-time-format": "2.0.5",
        "d3-timer": "1.0.6",
        "d3-transition": "1.1.0",
        "d3-voronoi": "1.1.2",
        "d3-zoom": "1.5.0"
      }
    },
    "d3-array": {
      "version": "1.2.0",
      "resolved": "https://registry.npmjs.org/d3-array/-/d3-array-1.2.0.tgz",
      "integrity": "sha1-FH0mlyDhdMQFen9CvosPPyulMQg="
    },
    "d3-axis": {
      "version": "1.0.8",
      "resolved": "https://registry.npmjs.org/d3-axis/-/d3-axis-1.0.8.tgz",
      "integrity": "sha1-MacFoLU15ldZ3hQXOjGTMTfxjvo="
    },
    "d3-brush": {
      "version": "1.0.4",
      "resolved": "https://registry.npmjs.org/d3-brush/-/d3-brush-1.0.4.tgz",
      "integrity": "sha1-AMLyOAGfJPbAoZSibUGhUw/+e8Q=",
      "requires": {
        "d3-dispatch": "1.0.3",
        "d3-drag": "1.1.1",
        "d3-interpolate": "1.1.5",
        "d3-selection": "1.1.0",
        "d3-transition": "1.1.0"
      }
    },
    "d3-chord": {
      "version": "1.0.4",
      "resolved": "https://registry.npmjs.org/d3-chord/-/d3-chord-1.0.4.tgz",
      "integrity": "sha1-fexPC6iG9xP+ERxF92NBT290yiw=",
      "requires": {
        "d3-array": "1.2.0",
        "d3-path": "1.0.5"
      }
    },
    "d3-collection": {
      "version": "1.0.4",
      "resolved": "https://registry.npmjs.org/d3-collection/-/d3-collection-1.0.4.tgz",
      "integrity": "sha1-NC39EoN8kJdPM/HMCnha6lcNzcI="
    },
    "d3-color": {
      "version": "1.0.3",
      "resolved": "https://registry.npmjs.org/d3-color/-/d3-color-1.0.3.tgz",
      "integrity": "sha1-vHZD/KjlOoNH4vva/6I2eWtYUJs="
    },
    "d3-dispatch": {
      "version": "1.0.3",
      "resolved": "https://registry.npmjs.org/d3-dispatch/-/d3-dispatch-1.0.3.tgz",
      "integrity": "sha1-RuFJHqqbWMNY/OW+TovtYm54cfg="
    },
    "d3-drag": {
      "version": "1.1.1",
      "resolved": "https://registry.npmjs.org/d3-drag/-/d3-drag-1.1.1.tgz",
      "integrity": "sha512-51aazbUuZZhPZzXv9xxwPOJTeDSVv8cXNd8oFxqJyR8ZBD9yLd09CFGSDSm3ArViHg2D5Wo1qCaKl7Efj/qchg==",
      "requires": {
        "d3-dispatch": "1.0.3",
        "d3-selection": "1.1.0"
      }
    },
    "d3-dsv": {
      "version": "1.0.5",
      "resolved": "https://registry.npmjs.org/d3-dsv/-/d3-dsv-1.0.5.tgz",
      "integrity": "sha1-QZ99tH9ih4n8P9tjbmeESdCCETY=",
      "requires": {
        "commander": "2.11.0",
        "iconv-lite": "0.4.18",
        "rw": "1.3.3"
      }
    },
    "d3-ease": {
      "version": "1.0.3",
      "resolved": "https://registry.npmjs.org/d3-ease/-/d3-ease-1.0.3.tgz",
      "integrity": "sha1-aL+8NJM4o4DETYrMT7wzBKotjA4="
    },
    "d3-force": {
      "version": "1.0.6",
      "resolved": "https://registry.npmjs.org/d3-force/-/d3-force-1.0.6.tgz",
      "integrity": "sha1-6n4bdzDiZkzTFPWU1nGMV8wTK3k=",
      "requires": {
        "d3-collection": "1.0.4",
        "d3-dispatch": "1.0.3",
        "d3-quadtree": "1.0.3",
        "d3-timer": "1.0.6"
      }
    },
    "d3-format": {
      "version": "1.2.0",
      "resolved": "https://registry.npmjs.org/d3-format/-/d3-format-1.2.0.tgz",
      "integrity": "sha1-a0gLqohohdRlHcJIqPSsnaFtsHo="
    },
    "d3-geo": {
      "version": "1.6.4",
      "resolved": "https://registry.npmjs.org/d3-geo/-/d3-geo-1.6.4.tgz",
      "integrity": "sha1-8g4eRhyxhF9ai+Vatvh2VCp+MZk=",
      "requires": {
        "d3-array": "1.2.0"
      }
    },
    "d3-hierarchy": {
      "version": "1.1.5",
      "resolved": "https://registry.npmjs.org/d3-hierarchy/-/d3-hierarchy-1.1.5.tgz",
      "integrity": "sha1-ochFxC+Eoga88cAcAQmOpN2qeiY="
    },
    "d3-interpolate": {
      "version": "1.1.5",
      "resolved": "https://registry.npmjs.org/d3-interpolate/-/d3-interpolate-1.1.5.tgz",
      "integrity": "sha1-aeCZ/zkhRxblY8muw+qdHqS4p58=",
      "requires": {
        "d3-color": "1.0.3"
      }
    },
    "d3-path": {
      "version": "1.0.5",
      "resolved": "https://registry.npmjs.org/d3-path/-/d3-path-1.0.5.tgz",
      "integrity": "sha1-JB6xhJvZ6egCHA0KeZ+KDo5EF2Q="
    },
    "d3-polygon": {
      "version": "1.0.3",
      "resolved": "https://registry.npmjs.org/d3-polygon/-/d3-polygon-1.0.3.tgz",
      "integrity": "sha1-FoiOkCZGCTPysXllKtN4Ik04LGI="
    },
    "d3-quadtree": {
      "version": "1.0.3",
      "resolved": "https://registry.npmjs.org/d3-quadtree/-/d3-quadtree-1.0.3.tgz",
      "integrity": "sha1-rHmH4+I/6AWpkPKOG1DTj8uCJDg="
    },
    "d3-queue": {
      "version": "3.0.7",
      "resolved": "https://registry.npmjs.org/d3-queue/-/d3-queue-3.0.7.tgz",
      "integrity": "sha1-yTouVLQXwJWRKdfXP2z31Ckudhg="
    },
    "d3-random": {
      "version": "1.1.0",
      "resolved": "https://registry.npmjs.org/d3-random/-/d3-random-1.1.0.tgz",
      "integrity": "sha1-ZkLlBsb6OmSFldKyRpeIqNElKdM="
    },
    "d3-request": {
      "version": "1.0.5",
      "resolved": "https://registry.npmjs.org/d3-request/-/d3-request-1.0.5.tgz",
      "integrity": "sha1-TarpRtHdDVff4B8CKVY1SVjVHyM=",
      "requires": {
        "d3-collection": "1.0.4",
        "d3-dispatch": "1.0.3",
        "d3-dsv": "1.0.5",
        "xmlhttprequest": "1.8.0"
      }
    },
    "d3-scale": {
      "version": "1.0.6",
      "resolved": "https://registry.npmjs.org/d3-scale/-/d3-scale-1.0.6.tgz",
      "integrity": "sha1-vOGdqA06DPQiyVQ64zIghiILNO0=",
      "requires": {
        "d3-array": "1.2.0",
        "d3-collection": "1.0.4",
        "d3-color": "1.0.3",
        "d3-format": "1.2.0",
        "d3-interpolate": "1.1.5",
        "d3-time": "1.0.7",
        "d3-time-format": "2.0.5"
      }
    },
    "d3-selection": {
      "version": "1.1.0",
      "resolved": "https://registry.npmjs.org/d3-selection/-/d3-selection-1.1.0.tgz",
      "integrity": "sha1-GZhoSJZIj4OcoDchI9o08dMYgJw="
    },
    "d3-shape": {
      "version": "1.2.0",
      "resolved": "https://registry.npmjs.org/d3-shape/-/d3-shape-1.2.0.tgz",
      "integrity": "sha1-RdAVOPBkuv0F6j1tLLdI/YxB93c=",
      "requires": {
        "d3-path": "1.0.5"
      }
    },
    "d3-time": {
      "version": "1.0.7",
      "resolved": "https://registry.npmjs.org/d3-time/-/d3-time-1.0.7.tgz",
      "integrity": "sha1-lMr27bt4ebuAnQ0fdXK8SEgvcnA="
    },
    "d3-time-format": {
      "version": "2.0.5",
      "resolved": "https://registry.npmjs.org/d3-time-format/-/d3-time-format-2.0.5.tgz",
      "integrity": "sha1-nXeAIE98kRnJFwsaVttN6aivly4=",
      "requires": {
        "d3-time": "1.0.7"
      }
    },
    "d3-timer": {
      "version": "1.0.6",
      "resolved": "https://registry.npmjs.org/d3-timer/-/d3-timer-1.0.6.tgz",
      "integrity": "sha1-QES/FdcCXAbOfRFJ9zzQe1Tb14Q="
    },
    "d3-transition": {
      "version": "1.1.0",
      "resolved": "https://registry.npmjs.org/d3-transition/-/d3-transition-1.1.0.tgz",
      "integrity": "sha1-z8hcdOUjkyQpBUZiNXKZBWDDlm8=",
      "requires": {
        "d3-color": "1.0.3",
        "d3-dispatch": "1.0.3",
        "d3-ease": "1.0.3",
        "d3-interpolate": "1.1.5",
        "d3-selection": "1.1.0",
        "d3-timer": "1.0.6"
      }
    },
    "d3-voronoi": {
      "version": "1.1.2",
      "resolved": "https://registry.npmjs.org/d3-voronoi/-/d3-voronoi-1.1.2.tgz",
      "integrity": "sha1-Fodmfo8TotFYyAwUgMWinLDYlzw="
    },
    "d3-zoom": {
      "version": "1.5.0",
      "resolved": "https://registry.npmjs.org/d3-zoom/-/d3-zoom-1.5.0.tgz",
      "integrity": "sha512-tc/ONeSUVuwHczjjK4jQPd0T1iZ+lfsz8TbguAAceY5qs057hp4WLglkPWValkuVjCyeGpqiA2iTm8S++NJ84w==",
      "requires": {
        "d3-dispatch": "1.0.3",
        "d3-drag": "1.1.1",
        "d3-interpolate": "1.1.5",
        "d3-selection": "1.1.0",
        "d3-transition": "1.1.0"
      }
    },
    "debug": {
      "version": "2.6.8",
      "resolved": "https://registry.npmjs.org/debug/-/debug-2.6.8.tgz",
      "integrity": "sha1-5zFTHKLt4n0YgiJCfaF4IdaP9Pw=",
      "requires": {
        "ms": "2.0.0"
      }
    },
    "follow-redirects": {
      "version": "1.2.4",
      "resolved": "https://registry.npmjs.org/follow-redirects/-/follow-redirects-1.2.4.tgz",
      "integrity": "sha512-Suw6KewLV2hReSyEOeql+UUkBVyiBm3ok1VPrVFRZnQInWpdoZbbiG5i8aJVSjTr0yQ4Ava0Sh6/joCg1Brdqw==",
      "requires": {
        "debug": "2.6.8"
      }
    },
    "get": {
      "version": "1.4.0",
      "resolved": "https://registry.npmjs.org/get/-/get-1.4.0.tgz",
      "integrity": "sha1-Xeh7k1g511WheWR3PMNeQe4zzVc="
    },
    "iconv-lite": {
      "version": "0.4.18",
      "resolved": "https://registry.npmjs.org/iconv-lite/-/iconv-lite-0.4.18.tgz",
      "integrity": "sha512-sr1ZQph3UwHTR0XftSbK85OvBbxe/abLGzEnPENCQwmHf7sck8Oyu4ob3LgBxWWxRoM+QszeUyl7jbqapu2TqA=="
    },
    "is-buffer": {
      "version": "1.1.5",
      "resolved": "https://registry.npmjs.org/is-buffer/-/is-buffer-1.1.5.tgz",
      "integrity": "sha1-Hzsm72E7IUuIy8ojzGwB2Hlh7sw="
    },
    "isnumeric": {
      "version": "0.2.0",
      "resolved": "https://registry.npmjs.org/isnumeric/-/isnumeric-0.2.0.tgz",
      "integrity": "sha1-ojR7o2DeGeM9D/1ZD933dVy/LmQ="
    },
    "lodash": {
      "version": "4.17.4",
      "resolved": "https://registry.npmjs.org/lodash/-/lodash-4.17.4.tgz",
      "integrity": "sha1-eCA6TRwyiuHYbcpkYONptX9AVa4="
    },
    "mgrs": {
      "version": "1.0.0",
      "resolved": "https://registry.npmjs.org/mgrs/-/mgrs-1.0.0.tgz",
      "integrity": "sha1-+5FYjnjJACVnI5XLQLJffNatGCk="
    },
    "ms": {
      "version": "2.0.0",
      "resolved": "https://registry.npmjs.org/ms/-/ms-2.0.0.tgz",
      "integrity": "sha1-VgiurfwAvmwpAd9fmGF4jeDVl8g="
    },
    "nan": {
      "version": "2.6.2",
      "resolved": "https://registry.npmjs.org/nan/-/nan-2.6.2.tgz",
      "integrity": "sha1-5P805slf37WuzAjeZZb0NgWn20U="
    },
    "parse-css-font": {
      "version": "2.0.2",
      "resolved": "https://registry.npmjs.org/parse-css-font/-/parse-css-font-2.0.2.tgz",
      "integrity": "sha1-e2CwYHBaJam5C38O1JPlgjJIplI=",
      "requires": {
        "css-font-size-keywords": "1.0.0",
        "css-font-stretch-keywords": "1.0.1",
        "css-font-style-keywords": "1.0.1",
        "css-font-weight-keywords": "1.0.0",
        "css-global-keywords": "1.0.1",
        "css-list-helpers": "1.0.1",
        "css-system-font-keywords": "1.0.0",
        "tcomb": "2.7.0",
        "unquote": "1.1.0"
      }
    },
    "proj4": {
      "version": "2.4.4",
      "resolved": "https://registry.npmjs.org/proj4/-/proj4-2.4.4.tgz",
      "integrity": "sha512-yo6qTpBQXnxhcPopKJeVwwOBRzUpEa3vzSFlr38f5mF4Jnfb6NOL/ePIomefWiZmPgkUblHpcwnWVMB8FS3GKw==",
      "requires": {
        "mgrs": "1.0.0",
        "wkt-parser": "1.2.0"
      }
    },
    "promise": {
      "version": "8.0.1",
      "resolved": "https://registry.npmjs.org/promise/-/promise-8.0.1.tgz",
      "integrity": "sha1-5F1osAoXZHttpxG/he1u1HII9FA=",
      "requires": {
        "asap": "2.0.6"
      }
    },
    "rw": {
      "version": "1.3.3",
      "resolved": "https://registry.npmjs.org/rw/-/rw-1.3.3.tgz",
      "integrity": "sha1-P4Yt+pGrdmsUiF700BEkv9oHT7Q="
    },
    "tcomb": {
      "version": "2.7.0",
      "resolved": "https://registry.npmjs.org/tcomb/-/tcomb-2.7.0.tgz",
      "integrity": "sha1-ENYpWAQWaaXVNWe5pO6M3iKxwrA="
    },
    "units-css": {
      "version": "0.4.0",
      "resolved": "https://registry.npmjs.org/units-css/-/units-css-0.4.0.tgz",
      "integrity": "sha1-1iKGU6UZg9fBb/KPi53Dsf/tOgc=",
      "requires": {
        "isnumeric": "0.2.0",
        "viewport-dimensions": "0.2.0"
      }
    },
    "unquote": {
      "version": "1.1.0",
      "resolved": "https://registry.npmjs.org/unquote/-/unquote-1.1.0.tgz",
      "integrity": "sha1-mOH8YItrhUx1r7G5WvwJm6adlC8="
    },
    "viewport-dimensions": {
      "version": "0.2.0",
      "resolved": "https://registry.npmjs.org/viewport-dimensions/-/viewport-dimensions-0.2.0.tgz",
      "integrity": "sha1-3nQHR9tTh/0XJfUXXpG6x2r982w="
    },
    "wkt-parser": {
      "version": "1.2.0",
      "resolved": "https://registry.npmjs.org/wkt-parser/-/wkt-parser-1.2.0.tgz",
      "integrity": "sha1-bQn4vr/7NPEiIB2Zwdg4HJlKyw4="
    },
    "xmlhttprequest": {
      "version": "1.8.0",
      "resolved": "https://registry.npmjs.org/xmlhttprequest/-/xmlhttprequest-1.8.0.tgz",
      "integrity": "sha1-Z/4HXFwk/vOfnWX197f+dRcZaPw="
    }
  }
}
